
Microsoft Visual Studio Solution File, Format Version 12.00
# Visual Studio 15
VisualStudioVersion = 15.0.27703.2042
MinimumVisualStudioVersion = 10.0.40219.1
Project("{FAE04EC0-301F-11D3-BF4B-00C04F79EFBC}") = "AdminPanelLesson", "AdminPanelLesson\AdminPanelLesson.csproj", "{0967E8C1-8F01-4C46-9549-665B85FEFC50}"
EndProject
Global
	GlobalSection(SolutionConfigurationPlatforms) = preSolution
		Debug|Any CPU = Debug|Any CPU
		Release|Any CPU = Release|Any CPU
	EndGlobalSection
	GlobalSection(ProjectConfigurationPlatforms) = postSolution
		{0967E8C1-8F01-4C46-9549-665B85FEFC50}.Debug|Any CPU.ActiveCfg = Debug|Any CPU
		{0967E8C1-8F01-4C46-9549-665B85FEFC50}.Debug|Any CPU.Build.0 = Debug|Any CPU
		{0967E8C1-8F01-4C46-9549-665B85FEFC50}.Release|Any CPU.ActiveCfg = Release|Any CPU
		{0967E8C1-8F01-4C46-9549-665B85FEFC50}.Release|Any CPU.Build.0 = Release|Any CPU
	EndGlobalSection
	GlobalSection(SolutionProperties) = preSolution
		HideSolutionNode = FALSE
	EndGlobalSection
	GlobalSection(ExtensibilityGlobals) = postSolution
		SolutionGuid = {95B8BFC9-F4FE-482E-898A-226D3DA04B9F}
	EndGlobalSection
EndGlobal
